// !$*UTF8*$!
{
	archiveVersion = 1;
	classes = {
	};
	objectVersion = 46;
	objects = {

/* Begin PBXBuildFile section */
		EC3900881D1A546600F8EEFE /* AppDelegate.swift in Sources */ = {isa = PBXBuildFile; fileRef = EC3900871D1A546600F8EEFE /* AppDelegate.swift */; };
		EC39008A1D1A546600F8EEFE /* ViewController.swift in Sources */ = {isa = PBXBuildFile; fileRef = EC3900891D1A546600F8EEFE /* ViewController.swift */; };
		EC39008D1D1A546600F8EEFE /* Main.storyboard in Resources */ = {isa = PBXBuildFile; fileRef = EC39008B1D1A546600F8EEFE /* Main.storyboard */; };
		EC3900901D1A546600F8EEFE /* Recipez___CoreData.xcdatamodeld in Sources */ = {isa = PBXBuildFile; fileRef = EC39008E1D1A546600F8EEFE /* Recipez___CoreData.xcdatamodeld */; };
		EC3900921D1A546600F8EEFE /* Assets.xcassets in Resources */ = {isa = PBXBuildFile; fileRef = EC3900911D1A546600F8EEFE /* Assets.xcassets */; };
		EC3900951D1A546600F8EEFE /* LaunchScreen.storyboard in Resources */ = {isa = PBXBuildFile; fileRef = EC3900931D1A546600F8EEFE /* LaunchScreen.storyboard */; };
/* End PBXBuildFile section */

/* Begin PBXFileReference section */
		EC3900841D1A546600F8EEFE /* Recipez - CoreData.app */ = {isa = PBXFileReference; explicitFileType = wrapper.application; includeInIndex = 0; path = "Recipez - CoreData.app"; sourceTree = BUILT_PRODUCTS_DIR; };
		EC3900871D1A546600F8EEFE /* AppDelegate.swift */ = {isa = PBXFileReference; lastKnownFileType = sourcecode.swift; path = AppDelegate.swift; sourceTree = "<group>"; };
		EC3900891D1A546600F8EEFE /* ViewController.swift */ = {isa = PBXFileReference; lastKnownFileType = sourcecode.swift; path = ViewController.swift; sourceTree = "<group>"; };
		EC39008C1D1A546600F8EEFE /* Base */ = {isa = PBXFileReference; lastKnownFileType = file.storyboard; name = Base; path = Base.lproj/Main.storyboard; sourceTree = "<group>"; };
		EC39008F1D1A546600F8EEFE /* Recipez___CoreData.xcdatamodel */ = {isa = PBXFileReference; lastKnownFileType = wrapper.xcdatamodel; path = "Recipez___CoreData.xcdatamodel"; sourceTree = "<group>"; };
		EC3900911D1A546600F8EEFE /* Assets.xcassets */ = {isa = PBXFileReference; lastKnownFileType = folder.assetcatalog; path = Assets.xcassets; sourceTree = "<group>"; };
		EC3900941D1A546600F8EEFE /* Base */ = {isa = PBXFileReference; lastKnownFileType = file.storyboard; name = Base; path = Base.lproj/LaunchScreen.storyboard; sourceTree = "<group>"; };
		EC3900961D1A546600F8EEFE /* Info.plist */ = {isa = PBXFileReference; lastKnownFileType = text.plist.xml; path = Info.plist; sourceTree = "<group>"; };
/* End PBXFileReference section */

/* Begin PBXFrameworksBuildPhase section */
		EC3900811D1A546600F8EEFE /* Frameworks */ = {
			isa = PBXFrameworksBuildPhase;
			buildActionMask = 2147483647;
			files = (
			);
			runOnlyForDeploymentPostprocessing = 0;
		};
/* End PBXFrameworksBuildPhase section */

/* Begin PBXGroup section */
		EC39007B1D1A546500F8EEFE = {
			isa = PBXGroup;
			children = (
				EC3900861D1A546600F8EEFE /* Recipez - CoreData */,
				EC3900851D1A546600F8EEFE /* Products */,
			);
			sourceTree = "<group>";
		};
		EC3900851D1A546600F8EEFE /* Products */ = {
			isa = PBXGroup;
			children = (
				EC3900841D1A546600F8EEFE /* Recipez - CoreData.app */,
			);
			name = Products;
			sourceTree = "<group>";
		};
		EC3900861D1A546600F8EEFE /* Recipez - CoreData */ = {
			isa = PBXGroup;
			children = (
				EC3900871D1A546600F8EEFE /* AppDelegate.swift */,
				EC3900891D1A546600F8EEFE /* ViewController.swift */,
				EC39008B1D1A546600F8EEFE /* Main.storyboard */,
				EC3900911D1A546600F8EEFE /* Assets.xcassets */,
				EC3900931D1A546600F8EEFE /* LaunchScreen.storyboard */,
				EC3900961D1A546600F8EEFE /* Info.plist */,
				EC39008E1D1A546600F8EEFE /* Recipez___CoreData.xcdatamodeld */,
			);
			path = "Recipez - CoreData";
			sourceTree = "<group>";
		};
/* End PBXGroup section */

/* Begin PBXNativeTarget section */
		EC3900831D1A546600F8EEFE /* Recipez - CoreData */ = {
			isa = PBXNativeTarget;
			buildConfigurationList = EC3900991D1A546600F8EEFE /* Build configuration list for PBXNativeTarget "Recipez - CoreData" */;
			buildPhases = (
				EC3900801D1A546600F8EEFE /* Sources */,
				EC3900811D1A546600F8EEFE /* Frameworks */,
				EC3900821D1A546600F8EEFE /* Resources */,
			);
			buildRules = (
			);
			dependencies = (
			);
			name = "Recipez - CoreData";
			productName = "Recipez - CoreData";
			productReference = EC3900841D1A546600F8EEFE /* Recipez - CoreData.app */;
			productType = "com.apple.product-type.application";
		};
/* End PBXNativeTarget section */

/* Begin PBXProject section */
		EC39007C1D1A546500F8EEFE /* Project object */ = {
			isa = PBXProject;
			attributes = {
				LastSwiftUpdateCheck = 0730;
				LastUpgradeCheck = 0730;
				ORGANIZATIONNAME = "Jason Leung";
				TargetAttributes = {
					EC3900831D1A546600F8EEFE = {
						CreatedOnToolsVersion = 7.3.1;
					};
				};
			};
			buildConfigurationList = EC39007F1D1A546500F8EEFE /* Build configuration list for PBXProject "Recipez - CoreData" */;
			compatibilityVersion = "Xcode 3.2";
			developmentRegion = English;
			hasScannedForEncodings = 0;
			knownRegions = (
				en,
				Base,
			);
			mainGroup = EC39007B1D1A546500F8EEFE;
			productRefGroup = EC3900851D1A546600F8EEFE /* Products */;
			projectDirPath = "";
			projectRoot = "";
			targets = (
				EC3900831D1A546600F8EEFE /* Recipez - CoreData */,
			);
		};
/* End PBXProject section */

/* Begin PBXResourcesBuildPhase section */
		EC3900821D1A546600F8EEFE /* Resources */ = {
			isa = PBXResourcesBuildPhase;
			buildActionMask = 2147483647;
			files = (
				EC3900951D1A546600F8EEFE /* LaunchScreen.storyboard in Resources */,
				EC3900921D1A546600F8EEFE /* Assets.xcassets in Resources */,
				EC39008D1D1A546600F8EEFE /* Main.storyboard in Resources */,
			);
			runOnlyForDeploymentPostprocessing = 0;
		};
/* End PBXResourcesBuildPhase section */

/* Begin PBXSourcesBuildPhase section */
		EC3900801D1A546600F8EEFE /* Sources */ = {
			isa = PBXSourcesBuildPhase;
			buildActionMask = 2147483647;
			files = (
				EC3900901D1A546600F8EEFE /* Recipez___CoreData.xcdatamodeld in Sources */,
				EC39008A1D1A546600F8EEFE /* ViewController.swift in Sources */,
				EC3900881D1A546600F8EEFE /* AppDelegate.swift in Sources */,
			);
			runOnlyForDeploymentPostprocessing = 0;
		};
/* End PBXSourcesBuildPhase section */

/* Begin PBXVariantGroup section */
		EC39008B1D1A546600F8EEFE /* Main.storyboard */ = {
			isa = PBXVariantGroup;
			children = (
				EC39008C1D1A546600F8EEFE /* Base */,
			);
			name = Main.storyboard;
			sourceTree = "<group>";
		};
		EC3900931D1A546600F8EEFE /* LaunchScreen.storyboard */ = {
			isa = PBXVariantGroup;
			children = (
				EC3900941D1A546600F8EEFE /* Base */,
			);
			name = LaunchScreen.storyboard;
			sourceTree = "<group>";
		};
/* End PBXVariantGroup section */

/* Begin XCBuildConfiguration section */
		EC3900971D1A546600F8EEFE /* Debug */ = {
			isa = XCBuildConfiguration;
			buildSettings = {
				ALWAYS_SEARCH_USER_PATHS = NO;
				CLANG_ANALYZER_NONNULL = YES;
				CLANG_CXX_LANGUAGE_STANDARD = "gnu++0x";
				CLANG_CXX_LIBRARY = "libc++";
				CLANG_ENABLE_MODULES = YES;
				CLANG_ENABLE_OBJC_ARC = YES;
				CLANG_WARN_BOOL_CONVERSION = YES;
				CLANG_WARN_CONSTANT_CONVERSION = YES;
				CLANG_WARN_DIRECT_OBJC_ISA_USAGE = YES_ERROR;
				CLANG_WARN_EMPTY_BODY = YES;
				CLANG_WARN_ENUM_CONVERSION = YES;
				CLANG_WARN_INT_CONVERSION = YES;
				CLANG_WARN_OBJC_ROOT_CLASS = YES_ERROR;
				CLANG_WARN_UNREACHABLE_CODE = YES;
				CLANG_WARN__DUPLICATE_METHOD_MATCH = YES;
				"CODE_SIGN_IDENTITY[sdk=iphoneos*]" = "iPhone Developer";
				COPY_PHASE_STRIP = NO;
				DEBUG_INFORMATION_FORMAT = dwarf;
				ENABLE_STRICT_OBJC_MSGSEND = YES;
				ENABLE_TESTABILITY = YES;
				GCC_C_LANGUAGE_STANDARD = gnu99;
				GCC_DYNAMIC_NO_PIC = NO;
				GCC_NO_COMMON_BLOCKS = YES;
				GCC_OPTIMIZATION_LEVEL = 0;
				GCC_PREPROCESSOR_DEFINITIONS = (
					"DEBUG=1",
					"$(inherited)",
				);
				GCC_WARN_64_TO_32_BIT_CONVERSION = YES;
				GCC_WARN_ABOUT_RETURN_TYPE = YES_ERROR;
				GCC_WARN_UNDECLARED_SELECTOR = YES;
				GCC_WARN_UNINITIALIZED_AUTOS = YES_AGGRESSIVE;
				GCC_WARN_UNUSED_FUNCTION = YES;
				GCC_WARN_UNUSED_VARIABLE = YES;
				IPHONEOS_DEPLOYMENT_TARGET = 9.3;
				MTL_ENABLE_DEBUG_INFO = YES;
				ONLY_ACTIVE_ARCH = YES;
				SDKROOT = iphoneos;
				SWIFT_OPTIMIZATION_LEVEL = "-Onone";
				TARGETED_DEVICE_FAMILY = "1,2";
			};
			name = Debug;
		};
		EC3900981D1A546600F8EEFE /* Release */ = {
			isa = XCBuildConfiguration;
			buildSettings = {
				ALWAYS_SEARCH_USER_PATHS = NO;
				CLANG_ANALYZER_NONNULL = YES;
				CLANG_CXX_LANGUAGE_STANDARD = "gnu++0x";
				CLANG_CXX_LIBRARY = "libc++";
				CLANG_ENABLE_MODULES = YES;
				CLANG_ENABLE_OBJC_ARC = YES;
				CLANG_WARN_BOOL_CONVERSION = YES;
				CLANG_WARN_CONSTANT_CONVERSION = YES;
				CLANG_WARN_DIRECT_OBJC_ISA_USAGE = YES_ERROR;
				CLANG_WARN_EMPTY_BODY = YES;
				CLANG_WARN_ENUM_CONVERSION = YES;
				CLANG_WARN_INT_CONVERSION = YES;
				CLANG_WARN_OBJC_ROOT_CLASS = YES_ERROR;
				CLANG_WARN_UNREACHABLE_CODE = YES;
				CLANG_WARN__DUPLICATE_METHOD_MATCH = YES;
				"CODE_SIGN_IDENTITY[sdk=iphoneos*]" = "iPhone Developer";
				COPY_PHASE_STRIP = NO;
				DEBUG_INFORMATION_FORMAT = "dwarf-with-dsym";
				ENABLE_NS_ASSERTIONS = NO;
				ENABLE_STRICT_OBJC_MSGSEND = YES;
				GCC_C_LANGUAGE_STANDARD = gnu99;
				GCC_NO_COMMON_BLOCKS = YES;
				GCC_WARN_64_TO_32_BIT_CONVERSION = YES;
				GCC_WARN_ABOUT_RETURN_TYPE = YES_ERROR;
				GCC_WARN_UNDECLARED_SELECTOR = YES;
				GCC_WARN_UNINITIALIZED_AUTOS = YES_AGGRESSIVE;
				GCC_WARN_UNUSED_FUNCTION = YES;
				GCC_WARN_UNUSED_VARIABLE = YES;
				IPHONEOS_DEPLOYMENT_TARGET = 9.3;
				MTL_ENABLE_DEBUG_INFO = NO;
				SDKROOT = iphoneos;
				TARGETED_DEVICE_FAMILY = "1,2";
				VALIDATE_PRODUCT = YES;
			};
			name = Release;
		};
		EC39009A1D1A546600F8EEFE /* Debug */ = {
			isa = XCBuildConfiguration;
			buildSettings = {
				ASSETCATALOG_COMPILER_APPICON_NAME = AppIcon;
				INFOPLIST_FILE = "Recipez - CoreData/Info.plist";
				LD_RUNPATH_SEARCH_PATHS = "$(inherited) @executable_path/Frameworks";
				PRODUCT_BUNDLE_IDENTIFIER = "com.jasonleung.Recipez---CoreData";
				PRODUCT_NAME = "$(TARGET_NAME)";
			};
			name = Debug;
		};
		EC39009B1D1A546600F8EEFE /* Release */ = {
			isa = XCBuildConfiguration;
			buildSettings = {
				ASSETCATALOG_COMPILER_APPICON_NAME = AppIcon;
				INFOPLIST_FILE = "Recipez - CoreData/Info.plist";
				LD_RUNPATH_SEARCH_PATHS = "$(inherited) @executable_path/Frameworks";
				PRODUCT_BUNDLE_IDENTIFIER = "com.jasonleung.Recipez---CoreData";
				PRODUCT_NAME = "$(TARGET_NAME)";
			};
			name = Release;
		};
/* End XCBuildConfiguration section */

/* Begin XCConfigurationList section */
		EC39007F1D1A546500F8EEFE /* Build configuration list for PBXProject "Recipez - CoreData" */ = {
			isa = XCConfigurationList;
			buildConfigurations = (
				EC3900971D1A546600F8EEFE /* Debug */,
				EC3900981D1A546600F8EEFE /* Release */,
			);
			defaultConfigurationIsVisible = 0;
			defaultConfigurationName = Release;
		};
		EC3900991D1A546600F8EEFE /* Build configuration list for PBXNativeTarget "Recipez - CoreData" */ = {
			isa = XCConfigurationList;
			buildConfigurations = (
				EC39009A1D1A546600F8EEFE /* Debug */,
				EC39009B1D1A546600F8EEFE /* Release */,
			);
			defaultConfigurationIsVisible = 0;
		};
/* End XCConfigurationList section */

/* Begin XCVersionGroup section */
		EC39008E1D1A546600F8EEFE /* Recipez___CoreData.xcdatamodeld */ = {
			isa = XCVersionGroup;
			children = (
				EC39008F1D1A546600F8EEFE /* Recipez___CoreData.xcdatamodel */,
			);
			currentVersion = EC39008F1D1A546600F8EEFE /* Recipez___CoreData.xcdatamodel */;
			path = "Recipez___CoreData.xcdatamodeld";
			sourceTree = "<group>";
			versionGroupType = wrapper.xcdatamodel;
		};
/* End XCVersionGroup section */
	};
	rootObject = EC39007C1D1A546500F8EEFE /* Project object */;
}
